
Microsoft Visual Studio Solution File, Format Version 12.00
Project("{FAE04EC0-301F-11D3-BF4B-00C04F79EFBC}") = "RiftPracticePlus", "RiftPracticePlus\RiftPracticePlus.csproj", "{52FA1801-0642-4F7E-831B-3023AE8A784F}"
EndProject
Global
	GlobalSection(SolutionConfigurationPlatforms) = preSolution
		Debug|Any CPU = Debug|Any CPU
		Release|Any CPU = Release|Any CPU
	EndGlobalSection
	GlobalSection(ProjectConfigurationPlatforms) = postSolution
		{52FA1801-0642-4F7E-831B-3023AE8A784F}.Debug|Any CPU.ActiveCfg = Debug|Any CPU
		{52FA1801-0642-4F7E-831B-3023AE8A784F}.Debug|Any CPU.Build.0 = Debug|Any CPU
		{52FA1801-0642-4F7E-831B-3023AE8A784F}.Release|Any CPU.ActiveCfg = Release|Any CPU
		{52FA1801-0642-4F7E-831B-3023AE8A784F}.Release|Any CPU.Build.0 = Release|Any CPU
	EndGlobalSection
EndGlobal
